// !$*UTF8*$!
{
	archiveVersion = 1;
	classes = {
	};
	objectVersion = 46;
	objects = {

/* Begin PBXBuildFile section */
		351D6F6919B47FBD009384B7 /* AppDelegate.swift in Sources */ = {isa = PBXBuildFile; fileRef = 351D6F6819B47FBD009384B7 /* AppDelegate.swift */; };
		351D6F6B19B47FBD009384B7 /* ViewController.swift in Sources */ = {isa = PBXBuildFile; fileRef = 351D6F6A19B47FBD009384B7 /* ViewController.swift */; };
		351D6F6E19B47FBD009384B7 /* Main.storyboard in Resources */ = {isa = PBXBuildFile; fileRef = 351D6F6C19B47FBD009384B7 /* Main.storyboard */; };
		351D6F7019B47FBD009384B7 /* Images.xcassets in Resources */ = {isa = PBXBuildFile; fileRef = 351D6F6F19B47FBD009384B7 /* Images.xcassets */; };
		351D6F7C19B47FBD009384B7 /* TipCalculatorTests.swift in Sources */ = {isa = PBXBuildFile; fileRef = 351D6F7B19B47FBD009384B7 /* TipCalculatorTests.swift */; };
/* End PBXBuildFile section */

/* Begin PBXContainerItemProxy section */
		351D6F7619B47FBD009384B7 /* PBXContainerItemProxy */ = {
			isa = PBXContainerItemProxy;
			containerPortal = 351D6F5B19B47FBD009384B7 /* Project object */;
			proxyType = 1;
			remoteGlobalIDString = 351D6F6219B47FBD009384B7;
			remoteInfo = TipCalculator;
		};
/* End PBXContainerItemProxy section */

/* Begin PBXFileReference section */
		351D6F6319B47FBD009384B7 /* TipCalculator.app */ = {isa = PBXFileReference; explicitFileType = wrapper.application; includeInIndex = 0; path = TipCalculator.app; sourceTree = BUILT_PRODUCTS_DIR; };
		351D6F6719B47FBD009384B7 /* Info.plist */ = {isa = PBXFileReference; lastKnownFileType = text.plist.xml; path = Info.plist; sourceTree = "<group>"; };
		351D6F6819B47FBD009384B7 /* AppDelegate.swift */ = {isa = PBXFileReference; lastKnownFileType = sourcecode.swift; path = AppDelegate.swift; sourceTree = "<group>"; };
		351D6F6A19B47FBD009384B7 /* ViewController.swift */ = {isa = PBXFileReference; lastKnownFileType = sourcecode.swift; path = ViewController.swift; sourceTree = "<group>"; };
		351D6F6D19B47FBD009384B7 /* Base */ = {isa = PBXFileReference; lastKnownFileType = file.storyboard; name = Base; path = Base.lproj/Main.storyboard; sourceTree = "<group>"; };
		351D6F6F19B47FBD009384B7 /* Images.xcassets */ = {isa = PBXFileReference; lastKnownFileType = folder.assetcatalog; path = Images.xcassets; sourceTree = "<group>"; };
		351D6F7519B47FBD009384B7 /* TipCalculatorTests.xctest */ = {isa = PBXFileReference; explicitFileType = wrapper.cfbundle; includeInIndex = 0; path = TipCalculatorTests.xctest; sourceTree = BUILT_PRODUCTS_DIR; };
		351D6F7A19B47FBD009384B7 /* Info.plist */ = {isa = PBXFileReference; lastKnownFileType = text.plist.xml; path = Info.plist; sourceTree = "<group>"; };
		351D6F7B19B47FBD009384B7 /* TipCalculatorTests.swift */ = {isa = PBXFileReference; lastKnownFileType = sourcecode.swift; path = TipCalculatorTests.swift; sourceTree = "<group>"; };
/* End PBXFileReference section */

/* Begin PBXFrameworksBuildPhase section */
		351D6F6019B47FBD009384B7 /* Frameworks */ = {
			isa = PBXFrameworksBuildPhase;
			buildActionMask = 2147483647;
			files = (
			);
			runOnlyForDeploymentPostprocessing = 0;
		};
		351D6F7219B47FBD009384B7 /* Frameworks */ = {
			isa = PBXFrameworksBuildPhase;
			buildActionMask = 2147483647;
			files = (
			);
			runOnlyForDeploymentPostprocessing = 0;
		};
/* End PBXFrameworksBuildPhase section */

/* Begin PBXGroup section */
		351D6F5A19B47FBD009384B7 = {
			isa = PBXGroup;
			children = (
				351D6F6519B47FBD009384B7 /* TipCalculator */,
				351D6F7819B47FBD009384B7 /* TipCalculatorTests */,
				351D6F6419B47FBD009384B7 /* Products */,
			);
			sourceTree = "<group>";
		};
		351D6F6419B47FBD009384B7 /* Products */ = {
			isa = PBXGroup;
			children = (
				351D6F6319B47FBD009384B7 /* TipCalculator.app */,
				351D6F7519B47FBD009384B7 /* TipCalculatorTests.xctest */,
			);
			name = Products;
			sourceTree = "<group>";
		};
		351D6F6519B47FBD009384B7 /* TipCalculator */ = {
			isa = PBXGroup;
			children = (
				351D6F6819B47FBD009384B7 /* AppDelegate.swift */,
				351D6F6A19B47FBD009384B7 /* ViewController.swift */,
				351D6F6C19B47FBD009384B7 /* Main.storyboard */,
				351D6F6F19B47FBD009384B7 /* Images.xcassets */,
				351D6F6619B47FBD009384B7 /* Supporting Files */,
			);
			path = TipCalculator;
			sourceTree = "<group>";
		};
		351D6F6619B47FBD009384B7 /* Supporting Files */ = {
			isa = PBXGroup;
			children = (
				351D6F6719B47FBD009384B7 /* Info.plist */,
			);
			name = "Supporting Files";
			sourceTree = "<group>";
		};
		351D6F7819B47FBD009384B7 /* TipCalculatorTests */ = {
			isa = PBXGroup;
			children = (
				351D6F7B19B47FBD009384B7 /* TipCalculatorTests.swift */,
				351D6F7919B47FBD009384B7 /* Supporting Files */,
			);
			path = TipCalculatorTests;
			sourceTree = "<group>";
		};
		351D6F7919B47FBD009384B7 /* Supporting Files */ = {
			isa = PBXGroup;
			children = (
				351D6F7A19B47FBD009384B7 /* Info.plist */,
			);
			name = "Supporting Files";
			sourceTree = "<group>";
		};
/* End PBXGroup section */

/* Begin PBXNativeTarget section */
		351D6F6219B47FBD009384B7 /* TipCalculator */ = {
			isa = PBXNativeTarget;
			buildConfigurationList = 351D6F7F19B47FBD009384B7 /* Build configuration list for PBXNativeTarget "TipCalculator" */;
			buildPhases = (
				351D6F5F19B47FBD009384B7 /* Sources */,
				351D6F6019B47FBD009384B7 /* Frameworks */,
				351D6F6119B47FBD009384B7 /* Resources */,
			);
			buildRules = (
			);
			dependencies = (
			);
			name = TipCalculator;
			productName = TipCalculator;
			productReference = 351D6F6319B47FBD009384B7 /* TipCalculator.app */;
			productType = "com.apple.product-type.application";
		};
		351D6F7419B47FBD009384B7 /* TipCalculatorTests */ = {
			isa = PBXNativeTarget;
			buildConfigurationList = 351D6F8219B47FBD009384B7 /* Build configuration list for PBXNativeTarget "TipCalculatorTests" */;
			buildPhases = (
				351D6F7119B47FBD009384B7 /* Sources */,
				351D6F7219B47FBD009384B7 /* Frameworks */,
				351D6F7319B47FBD009384B7 /* Resources */,
			);
			buildRules = (
			);
			dependencies = (
				351D6F7719B47FBD009384B7 /* PBXTargetDependency */,
			);
			name = TipCalculatorTests;
			productName = TipCalculatorTests;
			productReference = 351D6F7519B47FBD009384B7 /* TipCalculatorTests.xctest */;
			productType = "com.apple.product-type.bundle.unit-test";
		};
/* End PBXNativeTarget section */

/* Begin PBXProject section */
		351D6F5B19B47FBD009384B7 /* Project object */ = {
			isa = PBXProject;
			attributes = {
				LastUpgradeCheck = 0600;
				ORGANIZATIONNAME = "SIDDHARTH MOLLETI";
				TargetAttributes = {
					351D6F6219B47FBD009384B7 = {
						CreatedOnToolsVersion = 6.0;
					};
					351D6F7419B47FBD009384B7 = {
						CreatedOnToolsVersion = 6.0;
						TestTargetID = 351D6F6219B47FBD009384B7;
					};
				};
			};
			buildConfigurationList = 351D6F5E19B47FBD009384B7 /* Build configuration list for PBXProject "TipCalculator" */;
			compatibilityVersion = "Xcode 3.2";
			developmentRegion = English;
			hasScannedForEncodings = 0;
			knownRegions = (
				en,
				Base,
			);
			mainGroup = 351D6F5A19B47FBD009384B7;
			productRefGroup = 351D6F6419B47FBD009384B7 /* Products */;
			projectDirPath = "";
			projectRoot = "";
			targets = (
				351D6F6219B47FBD009384B7 /* TipCalculator */,
				351D6F7419B47FBD009384B7 /* TipCalculatorTests */,
			);
		};
/* End PBXProject section */

/* Begin PBXResourcesBuildPhase section */
		351D6F6119B47FBD009384B7 /* Resources */ = {
			isa = PBXResourcesBuildPhase;
			buildActionMask = 2147483647;
			files = (
				351D6F6E19B47FBD009384B7 /* Main.storyboard in Resources */,
				351D6F7019B47FBD009384B7 /* Images.xcassets in Resources */,
			);
			runOnlyForDeploymentPostprocessing = 0;
		};
		351D6F7319B47FBD009384B7 /* Resources */ = {
			isa = PBXResourcesBuildPhase;
			buildActionMask = 2147483647;
			files = (
			);
			runOnlyForDeploymentPostprocessing = 0;
		};
/* End PBXResourcesBuildPhase section */

/* Begin PBXSourcesBuildPhase section */
		351D6F5F19B47FBD009384B7 /* Sources */ = {
			isa = PBXSourcesBuildPhase;
			buildActionMask = 2147483647;
			files = (
				351D6F6B19B47FBD009384B7 /* ViewController.swift in Sources */,
				351D6F6919B47FBD009384B7 /* AppDelegate.swift in Sources */,
			);
			runOnlyForDeploymentPostprocessing = 0;
		};
		351D6F7119B47FBD009384B7 /* Sources */ = {
			isa = PBXSourcesBuildPhase;
			buildActionMask = 2147483647;
			files = (
				351D6F7C19B47FBD009384B7 /* TipCalculatorTests.swift in Sources */,
			);
			runOnlyForDeploymentPostprocessing = 0;
		};
/* End PBXSourcesBuildPhase section */

/* Begin PBXTargetDependency section */
		351D6F7719B47FBD009384B7 /* PBXTargetDependency */ = {
			isa = PBXTargetDependency;
			target = 351D6F6219B47FBD009384B7 /* TipCalculator */;
			targetProxy = 351D6F7619B47FBD009384B7 /* PBXContainerItemProxy */;
		};
/* End PBXTargetDependency section */

/* Begin PBXVariantGroup section */
		351D6F6C19B47FBD009384B7 /* Main.storyboard */ = {
			isa = PBXVariantGroup;
			children = (
				351D6F6D19B47FBD009384B7 /* Base */,
			);
			name = Main.storyboard;
			sourceTree = "<group>";
		};
/* End PBXVariantGroup section */

/* Begin XCBuildConfiguration section */
		351D6F7D19B47FBD009384B7 /* Debug */ = {
			isa = XCBuildConfiguration;
			buildSettings = {
				ALWAYS_SEARCH_USER_PATHS = NO;
				CLANG_CXX_LANGUAGE_STANDARD = "gnu++0x";
				CLANG_CXX_LIBRARY = "libc++";
				CLANG_ENABLE_MODULES = YES;
				CLANG_ENABLE_OBJC_ARC = YES;
				CLANG_WARN_BOOL_CONVERSION = YES;
				CLANG_WARN_CONSTANT_CONVERSION = YES;
				CLANG_WARN_DIRECT_OBJC_ISA_USAGE = YES_ERROR;
				CLANG_WARN_EMPTY_BODY = YES;
				CLANG_WARN_ENUM_CONVERSION = YES;
				CLANG_WARN_INT_CONVERSION = YES;
				CLANG_WARN_OBJC_ROOT_CLASS = YES_ERROR;
				CLANG_WARN_UNREACHABLE_CODE = YES;
				CLANG_WARN__DUPLICATE_METHOD_MATCH = YES;
				"CODE_SIGN_IDENTITY[sdk=iphoneos*]" = "iPhone Developer";
				COPY_PHASE_STRIP = NO;
				ENABLE_STRICT_OBJC_MSGSEND = YES;
				GCC_C_LANGUAGE_STANDARD = gnu99;
				GCC_DYNAMIC_NO_PIC = NO;
				GCC_OPTIMIZATION_LEVEL = 0;
				GCC_PREPROCESSOR_DEFINITIONS = (
					"DEBUG=1",
					"$(inherited)",
				);
				GCC_SYMBOLS_PRIVATE_EXTERN = NO;
				GCC_WARN_64_TO_32_BIT_CONVERSION = YES;
				GCC_WARN_ABOUT_RETURN_TYPE = YES_ERROR;
				GCC_WARN_UNDECLARED_SELECTOR = YES;
				GCC_WARN_UNINITIALIZED_AUTOS = YES_AGGRESSIVE;
				GCC_WARN_UNUSED_FUNCTION = YES;
				GCC_WARN_UNUSED_VARIABLE = YES;
				IPHONEOS_DEPLOYMENT_TARGET = 8.0;
				MTL_ENABLE_DEBUG_INFO = YES;
				ONLY_ACTIVE_ARCH = YES;
				SDKROOT = iphoneos;
				SWIFT_OPTIMIZATION_LEVEL = "-Onone";
			};
			name = Debug;
		};
		351D6F7E19B47FBD009384B7 /* Release */ = {
			isa = XCBuildConfiguration;
			buildSettings = {
				ALWAYS_SEARCH_USER_PATHS = NO;
				CLANG_CXX_LANGUAGE_STANDARD = "gnu++0x";
				CLANG_CXX_LIBRARY = "libc++";
				CLANG_ENABLE_MODULES = YES;
				CLANG_ENABLE_OBJC_ARC = YES;
				CLANG_WARN_BOOL_CONVERSION = YES;
				CLANG_WARN_CONSTANT_CONVERSION = YES;
				CLANG_WARN_DIRECT_OBJC_ISA_USAGE = YES_ERROR;
				CLANG_WARN_EMPTY_BODY = YES;
				CLANG_WARN_ENUM_CONVERSION = YES;
				CLANG_WARN_INT_CONVERSION = YES;
				CLANG_WARN_OBJC_ROOT_CLASS = YES_ERROR;
				CLANG_WARN_UNREACHABLE_CODE = YES;
				CLANG_WARN__DUPLICATE_METHOD_MATCH = YES;
				"CODE_SIGN_IDENTITY[sdk=iphoneos*]" = "iPhone Developer";
				COPY_PHASE_STRIP = YES;
				ENABLE_NS_ASSERTIONS = NO;
				ENABLE_STRICT_OBJC_MSGSEND = YES;
				GCC_C_LANGUAGE_STANDARD = gnu99;
				GCC_WARN_64_TO_32_BIT_CONVERSION = YES;
				GCC_WARN_ABOUT_RETURN_TYPE = YES_ERROR;
				GCC_WARN_UNDECLARED_SELECTOR = YES;
				GCC_WARN_UNINITIALIZED_AUTOS = YES_AGGRESSIVE;
				GCC_WARN_UNUSED_FUNCTION = YES;
				GCC_WARN_UNUSED_VARIABLE = YES;
				IPHONEOS_DEPLOYMENT_TARGET = 8.0;
				MTL_ENABLE_DEBUG_INFO = NO;
				SDKROOT = iphoneos;
				VALIDATE_PRODUCT = YES;
			};
			name = Release;
		};
		351D6F8019B47FBD009384B7 /* Debug */ = {
			isa = XCBuildConfiguration;
			buildSettings = {
				ASSETCATALOG_COMPILER_APPICON_NAME = AppIcon;
				ASSETCATALOG_COMPILER_LAUNCHIMAGE_NAME = LaunchImage;
				INFOPLIST_FILE = TipCalculator/Info.plist;
				LD_RUNPATH_SEARCH_PATHS = "$(inherited) @executable_path/Frameworks";
				PRODUCT_NAME = "$(TARGET_NAME)";
			};
			name = Debug;
		};
		351D6F8119B47FBD009384B7 /* Release */ = {
			isa = XCBuildConfiguration;
			buildSettings = {
				ASSETCATALOG_COMPILER_APPICON_NAME = AppIcon;
				ASSETCATALOG_COMPILER_LAUNCHIMAGE_NAME = LaunchImage;
				INFOPLIST_FILE = TipCalculator/Info.plist;
				LD_RUNPATH_SEARCH_PATHS = "$(inherited) @executable_path/Frameworks";
				PRODUCT_NAME = "$(TARGET_NAME)";
			};
			name = Release;
		};
		351D6F8319B47FBD009384B7 /* Debug */ = {
			isa = XCBuildConfiguration;
			buildSettings = {
				BUNDLE_LOADER = "$(TEST_HOST)";
				FRAMEWORK_SEARCH_PATHS = (
					"$(SDKROOT)/Developer/Library/Frameworks",
					"$(inherited)",
				);
				GCC_PREPROCESSOR_DEFINITIONS = (
					"DEBUG=1",
					"$(inherited)",
				);
				INFOPLIST_FILE = TipCalculatorTests/Info.plist;
				LD_RUNPATH_SEARCH_PATHS = "$(inherited) @executable_path/Frameworks @loader_path/Frameworks";
				PRODUCT_NAME = "$(TARGET_NAME)";
				TEST_HOST = "$(BUILT_PRODUCTS_DIR)/TipCalculator.app/TipCalculator";
			};
			name = Debug;
		};
		351D6F8419B47FBD009384B7 /* Release */ = {
			isa = XCBuildConfiguration;
			buildSettings = {
				BUNDLE_LOADER = "$(TEST_HOST)";
				FRAMEWORK_SEARCH_PATHS = (
					"$(SDKROOT)/Developer/Library/Frameworks",
					"$(inherited)",
				);
				INFOPLIST_FILE = TipCalculatorTests/Info.plist;
				LD_RUNPATH_SEARCH_PATHS = "$(inherited) @executable_path/Frameworks @loader_path/Frameworks";
				PRODUCT_NAME = "$(TARGET_NAME)";
				TEST_HOST = "$(BUILT_PRODUCTS_DIR)/TipCalculator.app/TipCalculator";
			};
			name = Release;
		};
/* End XCBuildConfiguration section */

/* Begin XCConfigurationList section */
		351D6F5E19B47FBD009384B7 /* Build configuration list for PBXProject "TipCalculator" */ = {
			isa = XCConfigurationList;
			buildConfigurations = (
				351D6F7D19B47FBD009384B7 /* Debug */,
				351D6F7E19B47FBD009384B7 /* Release */,
			);
			defaultConfigurationIsVisible = 0;
			defaultConfigurationName = Release;
		};
		351D6F7F19B47FBD009384B7 /* Build configuration list for PBXNativeTarget "TipCalculator" */ = {
			isa = XCConfigurationList;
			buildConfigurations = (
				351D6F8019B47FBD009384B7 /* Debug */,
				351D6F8119B47FBD009384B7 /* Release */,
			);
			defaultConfigurationIsVisible = 0;
		};
		351D6F8219B47FBD009384B7 /* Build configuration list for PBXNativeTarget "TipCalculatorTests" */ = {
			isa = XCConfigurationList;
			buildConfigurations = (
				351D6F8319B47FBD009384B7 /* Debug */,
				351D6F8419B47FBD009384B7 /* Release */,
			);
			defaultConfigurationIsVisible = 0;
		};
/* End XCConfigurationList section */
	};
	rootObject = 351D6F5B19B47FBD009384B7 /* Project object */;
}
